
Microsoft Visual Studio Solution File, Format Version 12.00
Project("{FAE04EC0-301F-11D3-BF4B-00C04F79EFBC}") = "logchamp", "logchamp\logchamp.csproj", "{04C41F69-11B1-4B1A-BCBA-0CFD85A14EFC}"
EndProject
Global
	GlobalSection(SolutionConfigurationPlatforms) = preSolution
		Debug|Any CPU = Debug|Any CPU
		Release|Any CPU = Release|Any CPU
	EndGlobalSection
	GlobalSection(ProjectConfigurationPlatforms) = postSolution
		{04C41F69-11B1-4B1A-BCBA-0CFD85A14EFC}.Debug|Any CPU.ActiveCfg = Debug|Any CPU
		{04C41F69-11B1-4B1A-BCBA-0CFD85A14EFC}.Debug|Any CPU.Build.0 = Debug|Any CPU
		{04C41F69-11B1-4B1A-BCBA-0CFD85A14EFC}.Release|Any CPU.ActiveCfg = Release|Any CPU
		{04C41F69-11B1-4B1A-BCBA-0CFD85A14EFC}.Release|Any CPU.Build.0 = Release|Any CPU
	EndGlobalSection
EndGlobal
